// !$*UTF8*$!
{
	archiveVersion = 1;
	classes = {
	};
	objectVersion = 51;
	objects = {

/* Begin PBXBuildFile section */
		003194435A9BBBBA3F6C06A8 /* Pods_Pong.framework in Frameworks */ = {isa = PBXBuildFile; fileRef = A0CFF42D570CC13A4CCAD921 /* Pods_Pong.framework */; };
		82065B192464F8EF00835449 /* GameViewModel.swift in Sources */ = {isa = PBXBuildFile; fileRef = 82065B182464F8EF00835449 /* GameViewModel.swift */; };
		82065B1B24685F2A00835449 /* WinnerViewController.swift in Sources */ = {isa = PBXBuildFile; fileRef = 82065B1A24685F2A00835449 /* WinnerViewController.swift */; };
		8227C8AF245F3D51005D3301 /* FirebaseService.swift in Sources */ = {isa = PBXBuildFile; fileRef = 8227C8AE245F3D51005D3301 /* FirebaseService.swift */; };
		8257A303245760B8004641C6 /* AppDelegate.swift in Sources */ = {isa = PBXBuildFile; fileRef = 8257A302245760B8004641C6 /* AppDelegate.swift */; };
		8257A305245760B8004641C6 /* SceneDelegate.swift in Sources */ = {isa = PBXBuildFile; fileRef = 8257A304245760B8004641C6 /* SceneDelegate.swift */; };
		8257A30A245760B8004641C6 /* Main.storyboard in Resources */ = {isa = PBXBuildFile; fileRef = 8257A308245760B8004641C6 /* Main.storyboard */; };
		8257A30C245760BD004641C6 /* Assets.xcassets in Resources */ = {isa = PBXBuildFile; fileRef = 8257A30B245760BD004641C6 /* Assets.xcassets */; };
		8257A30F245760BD004641C6 /* LaunchScreen.storyboard in Resources */ = {isa = PBXBuildFile; fileRef = 8257A30D245760BD004641C6 /* LaunchScreen.storyboard */; };
		8257A31924576684004641C6 /* HomeViewController.swift in Sources */ = {isa = PBXBuildFile; fileRef = 8257A31824576684004641C6 /* HomeViewController.swift */; };
		8257A31B24576B83004641C6 /* LeaderboardsTableViewController.swift in Sources */ = {isa = PBXBuildFile; fileRef = 8257A31A24576B83004641C6 /* LeaderboardsTableViewController.swift */; };
		8257A31E24577540004641C6 /* LeaderboardsTableViewCell.swift in Sources */ = {isa = PBXBuildFile; fileRef = 8257A31C24577540004641C6 /* LeaderboardsTableViewCell.swift */; };
		8257A31F24577540004641C6 /* LeaderboardsTableViewCell.xib in Resources */ = {isa = PBXBuildFile; fileRef = 8257A31D24577540004641C6 /* LeaderboardsTableViewCell.xib */; };
		8257A321245779A3004641C6 /* Player.swift in Sources */ = {isa = PBXBuildFile; fileRef = 8257A320245779A3004641C6 /* Player.swift */; };
		8257A32324586C0F004641C6 /* SignUpViewController.swift in Sources */ = {isa = PBXBuildFile; fileRef = 8257A32224586C0F004641C6 /* SignUpViewController.swift */; };
		8257A32524586C1E004641C6 /* LoginViewController.swift in Sources */ = {isa = PBXBuildFile; fileRef = 8257A32424586C1E004641C6 /* LoginViewController.swift */; };
		8257A32824586CF5004641C6 /* StartPageViewController.swift in Sources */ = {isa = PBXBuildFile; fileRef = 8257A32724586CF5004641C6 /* StartPageViewController.swift */; };
		8257A32B2458791C004641C6 /* GoogleService-Info.plist in Resources */ = {isa = PBXBuildFile; fileRef = 8257A32A2458791C004641C6 /* GoogleService-Info.plist */; };
		8257A32D24592C70004641C6 /* BracketSetupViewController.swift in Sources */ = {isa = PBXBuildFile; fileRef = 8257A32C24592C70004641C6 /* BracketSetupViewController.swift */; };
		8257A32F24593505004641C6 /* BracketViewController.swift in Sources */ = {isa = PBXBuildFile; fileRef = 8257A32E24593505004641C6 /* BracketViewController.swift */; };
		8257A3332459B3C4004641C6 /* BracketTableViewCell.swift in Sources */ = {isa = PBXBuildFile; fileRef = 8257A3312459B3C4004641C6 /* BracketTableViewCell.swift */; };
		8257A3342459B3C5004641C6 /* BracketTableViewCell.xib in Resources */ = {isa = PBXBuildFile; fileRef = 8257A3322459B3C4004641C6 /* BracketTableViewCell.xib */; };
		8257A336245A4126004641C6 /* GameViewController.swift in Sources */ = {isa = PBXBuildFile; fileRef = 8257A335245A4126004641C6 /* GameViewController.swift */; };
		8257A339245A5AE9004641C6 /* Font Awesome 5 Free-Solid-900.otf in Resources */ = {isa = PBXBuildFile; fileRef = 8257A337245A5AE9004641C6 /* Font Awesome 5 Free-Solid-900.otf */; };
		8257A33A245A5AE9004641C6 /* Font Awesome 5 Free-Regular-400.otf in Resources */ = {isa = PBXBuildFile; fileRef = 8257A338245A5AE9004641C6 /* Font Awesome 5 Free-Regular-400.otf */; };
		8257A33C245B6815004641C6 /* Tournament.swift in Sources */ = {isa = PBXBuildFile; fileRef = 8257A33B245B6815004641C6 /* Tournament.swift */; };
		8257A33E245B68EB004641C6 /* Game.swift in Sources */ = {isa = PBXBuildFile; fileRef = 8257A33D245B68EB004641C6 /* Game.swift */; };
		8257A340245BC52D004641C6 /* JoinTournamentViewController.swift in Sources */ = {isa = PBXBuildFile; fileRef = 8257A33F245BC52D004641C6 /* JoinTournamentViewController.swift */; };
		8298119D246269C4004DD06A /* BracketViewModel.swift in Sources */ = {isa = PBXBuildFile; fileRef = 8298119C246269C4004DD06A /* BracketViewModel.swift */; };
/* End PBXBuildFile section */

/* Begin PBXFileReference section */
		62C0058FDF3A2387BB363235 /* Pods-Pong.debug.xcconfig */ = {isa = PBXFileReference; includeInIndex = 1; lastKnownFileType = text.xcconfig; name = "Pods-Pong.debug.xcconfig"; path = "Target Support Files/Pods-Pong/Pods-Pong.debug.xcconfig"; sourceTree = "<group>"; };
		82065B182464F8EF00835449 /* GameViewModel.swift */ = {isa = PBXFileReference; lastKnownFileType = sourcecode.swift; path = GameViewModel.swift; sourceTree = "<group>"; };
		82065B1A24685F2A00835449 /* WinnerViewController.swift */ = {isa = PBXFileReference; lastKnownFileType = sourcecode.swift; path = WinnerViewController.swift; sourceTree = "<group>"; };
		8227C8AE245F3D51005D3301 /* FirebaseService.swift */ = {isa = PBXFileReference; lastKnownFileType = sourcecode.swift; path = FirebaseService.swift; sourceTree = "<group>"; };
		8257A2FF245760B8004641C6 /* Pong.app */ = {isa = PBXFileReference; explicitFileType = wrapper.application; includeInIndex = 0; path = Pong.app; sourceTree = BUILT_PRODUCTS_DIR; };
		8257A302245760B8004641C6 /* AppDelegate.swift */ = {isa = PBXFileReference; lastKnownFileType = sourcecode.swift; path = AppDelegate.swift; sourceTree = "<group>"; };
		8257A304245760B8004641C6 /* SceneDelegate.swift */ = {isa = PBXFileReference; lastKnownFileType = sourcecode.swift; path = SceneDelegate.swift; sourceTree = "<group>"; };
		8257A309245760B8004641C6 /* Base */ = {isa = PBXFileReference; lastKnownFileType = file.storyboard; name = Base; path = Base.lproj/Main.storyboard; sourceTree = "<group>"; };
		8257A30B245760BD004641C6 /* Assets.xcassets */ = {isa = PBXFileReference; lastKnownFileType = folder.assetcatalog; path = Assets.xcassets; sourceTree = "<group>"; };
		8257A30E245760BD004641C6 /* Base */ = {isa = PBXFileReference; lastKnownFileType = file.storyboard; name = Base; path = Base.lproj/LaunchScreen.storyboard; sourceTree = "<group>"; };
		8257A310245760BD004641C6 /* Info.plist */ = {isa = PBXFileReference; lastKnownFileType = text.plist.xml; path = Info.plist; sourceTree = "<group>"; };
		8257A31824576684004641C6 /* HomeViewController.swift */ = {isa = PBXFileReference; lastKnownFileType = sourcecode.swift; path = HomeViewController.swift; sourceTree = "<group>"; };
		8257A31A24576B83004641C6 /* LeaderboardsTableViewController.swift */ = {isa = PBXFileReference; lastKnownFileType = sourcecode.swift; path = LeaderboardsTableViewController.swift; sourceTree = "<group>"; };
		8257A31C24577540004641C6 /* LeaderboardsTableViewCell.swift */ = {isa = PBXFileReference; lastKnownFileType = sourcecode.swift; path = LeaderboardsTableViewCell.swift; sourceTree = "<group>"; };
		8257A31D24577540004641C6 /* LeaderboardsTableViewCell.xib */ = {isa = PBXFileReference; lastKnownFileType = file.xib; path = LeaderboardsTableViewCell.xib; sourceTree = "<group>"; };
		8257A320245779A3004641C6 /* Player.swift */ = {isa = PBXFileReference; lastKnownFileType = sourcecode.swift; path = Player.swift; sourceTree = "<group>"; };
		8257A32224586C0F004641C6 /* SignUpViewController.swift */ = {isa = PBXFileReference; lastKnownFileType = sourcecode.swift; path = SignUpViewController.swift; sourceTree = "<group>"; };
		8257A32424586C1E004641C6 /* LoginViewController.swift */ = {isa = PBXFileReference; lastKnownFileType = sourcecode.swift; path = LoginViewController.swift; sourceTree = "<group>"; };
		8257A32724586CF5004641C6 /* StartPageViewController.swift */ = {isa = PBXFileReference; lastKnownFileType = sourcecode.swift; path = StartPageViewController.swift; sourceTree = "<group>"; };
		8257A32A2458791C004641C6 /* GoogleService-Info.plist */ = {isa = PBXFileReference; fileEncoding = 4; lastKnownFileType = text.plist.xml; name = "GoogleService-Info.plist"; path = "../../../../Downloads/GoogleService-Info.plist"; sourceTree = "<group>"; };
		8257A32C24592C70004641C6 /* BracketSetupViewController.swift */ = {isa = PBXFileReference; lastKnownFileType = sourcecode.swift; path = BracketSetupViewController.swift; sourceTree = "<group>"; };
		8257A32E24593505004641C6 /* BracketViewController.swift */ = {isa = PBXFileReference; lastKnownFileType = sourcecode.swift; path = BracketViewController.swift; sourceTree = "<group>"; };
		8257A3312459B3C4004641C6 /* BracketTableViewCell.swift */ = {isa = PBXFileReference; lastKnownFileType = sourcecode.swift; path = BracketTableViewCell.swift; sourceTree = "<group>"; };
		8257A3322459B3C4004641C6 /* BracketTableViewCell.xib */ = {isa = PBXFileReference; lastKnownFileType = file.xib; path = BracketTableViewCell.xib; sourceTree = "<group>"; };
		8257A335245A4126004641C6 /* GameViewController.swift */ = {isa = PBXFileReference; lastKnownFileType = sourcecode.swift; path = GameViewController.swift; sourceTree = "<group>"; };
		8257A337245A5AE9004641C6 /* Font Awesome 5 Free-Solid-900.otf */ = {isa = PBXFileReference; lastKnownFileType = file; name = "Font Awesome 5 Free-Solid-900.otf"; path = "../../../Downloads/fontawesome-free-5.13.0-desktop/otfs/Font Awesome 5 Free-Solid-900.otf"; sourceTree = "<group>"; };
		8257A338245A5AE9004641C6 /* Font Awesome 5 Free-Regular-400.otf */ = {isa = PBXFileReference; lastKnownFileType = file; name = "Font Awesome 5 Free-Regular-400.otf"; path = "../../../Downloads/fontawesome-free-5.13.0-desktop/otfs/Font Awesome 5 Free-Regular-400.otf"; sourceTree = "<group>"; };
		8257A33B245B6815004641C6 /* Tournament.swift */ = {isa = PBXFileReference; lastKnownFileType = sourcecode.swift; path = Tournament.swift; sourceTree = "<group>"; };
		8257A33D245B68EB004641C6 /* Game.swift */ = {isa = PBXFileReference; lastKnownFileType = sourcecode.swift; path = Game.swift; sourceTree = "<group>"; };
		8257A33F245BC52D004641C6 /* JoinTournamentViewController.swift */ = {isa = PBXFileReference; lastKnownFileType = sourcecode.swift; path = JoinTournamentViewController.swift; sourceTree = "<group>"; };
		8298119C246269C4004DD06A /* BracketViewModel.swift */ = {isa = PBXFileReference; lastKnownFileType = sourcecode.swift; path = BracketViewModel.swift; sourceTree = "<group>"; };
		A0CFF42D570CC13A4CCAD921 /* Pods_Pong.framework */ = {isa = PBXFileReference; explicitFileType = wrapper.framework; includeInIndex = 0; path = Pods_Pong.framework; sourceTree = BUILT_PRODUCTS_DIR; };
		BC92315B8F19759DA181CD8B /* Pods-Pong.release.xcconfig */ = {isa = PBXFileReference; includeInIndex = 1; lastKnownFileType = text.xcconfig; name = "Pods-Pong.release.xcconfig"; path = "Target Support Files/Pods-Pong/Pods-Pong.release.xcconfig"; sourceTree = "<group>"; };
/* End PBXFileReference section */

/* Begin PBXFrameworksBuildPhase section */
		8257A2FC245760B8004641C6 /* Frameworks */ = {
			isa = PBXFrameworksBuildPhase;
			buildActionMask = 2147483647;
			files = (
				003194435A9BBBBA3F6C06A8 /* Pods_Pong.framework in Frameworks */,
			);
			runOnlyForDeploymentPostprocessing = 0;
		};
/* End PBXFrameworksBuildPhase section */

/* Begin PBXGroup section */
		2687B2459167550360FEF6E9 /* Pods */ = {
			isa = PBXGroup;
			children = (
				62C0058FDF3A2387BB363235 /* Pods-Pong.debug.xcconfig */,
				BC92315B8F19759DA181CD8B /* Pods-Pong.release.xcconfig */,
			);
			path = Pods;
			sourceTree = "<group>";
		};
		577075BC61CE26BE74666768 /* Frameworks */ = {
			isa = PBXGroup;
			children = (
				A0CFF42D570CC13A4CCAD921 /* Pods_Pong.framework */,
			);
			name = Frameworks;
			sourceTree = "<group>";
		};
		8227C8A7245F0837005D3301 /* Model */ = {
			isa = PBXGroup;
			children = (
				8257A33B245B6815004641C6 /* Tournament.swift */,
				8257A33D245B68EB004641C6 /* Game.swift */,
				8257A320245779A3004641C6 /* Player.swift */,
			);
			path = Model;
			sourceTree = "<group>";
		};
		8227C8A8245F0941005D3301 /* Leaderboards */ = {
			isa = PBXGroup;
			children = (
				8257A31A24576B83004641C6 /* LeaderboardsTableViewController.swift */,
			);
			path = Leaderboards;
			sourceTree = "<group>";
		};
		8227C8A9245F0971005D3301 /* Main Menu */ = {
			isa = PBXGroup;
			children = (
				8257A31824576684004641C6 /* HomeViewController.swift */,
			);
			path = "Main Menu";
			sourceTree = "<group>";
		};
		8227C8AA245F098E005D3301 /* Game */ = {
			isa = PBXGroup;
			children = (
				8257A335245A4126004641C6 /* GameViewController.swift */,
				82065B1A24685F2A00835449 /* WinnerViewController.swift */,
				82065B182464F8EF00835449 /* GameViewModel.swift */,
			);
			path = Game;
			sourceTree = "<group>";
		};
		8257A2F6245760B8004641C6 = {
			isa = PBXGroup;
			children = (
				8257A338245A5AE9004641C6 /* Font Awesome 5 Free-Regular-400.otf */,
				8257A337245A5AE9004641C6 /* Font Awesome 5 Free-Solid-900.otf */,
				8257A301245760B8004641C6 /* Pong */,
				8257A300245760B8004641C6 /* Products */,
				2687B2459167550360FEF6E9 /* Pods */,
				577075BC61CE26BE74666768 /* Frameworks */,
			);
			sourceTree = "<group>";
		};
		8257A300245760B8004641C6 /* Products */ = {
			isa = PBXGroup;
			children = (
				8257A2FF245760B8004641C6 /* Pong.app */,
			);
			name = Products;
			sourceTree = "<group>";
		};
		8257A301245760B8004641C6 /* Pong */ = {
			isa = PBXGroup;
			children = (
				8227C8AE245F3D51005D3301 /* FirebaseService.swift */,
				8257A302245760B8004641C6 /* AppDelegate.swift */,
				8257A304245760B8004641C6 /* SceneDelegate.swift */,
				8257A308245760B8004641C6 /* Main.storyboard */,
				8257A32924586CFA004641C6 /* Startup */,
				8227C8A8245F0941005D3301 /* Leaderboards */,
				8257A32624586C42004641C6 /* Cells */,
				8227C8A9245F0971005D3301 /* Main Menu */,
				8257A3302459375D004641C6 /* Tournament */,
				8227C8AA245F098E005D3301 /* Game */,
				8227C8A7245F0837005D3301 /* Model */,
				8257A30B245760BD004641C6 /* Assets.xcassets */,
				8257A30D245760BD004641C6 /* LaunchScreen.storyboard */,
				8257A310245760BD004641C6 /* Info.plist */,
				8257A32A2458791C004641C6 /* GoogleService-Info.plist */,
			);
			path = Pong;
			sourceTree = "<group>";
		};
		8257A32624586C42004641C6 /* Cells */ = {
			isa = PBXGroup;
			children = (
				8257A31C24577540004641C6 /* LeaderboardsTableViewCell.swift */,
				8257A31D24577540004641C6 /* LeaderboardsTableViewCell.xib */,
				8257A3312459B3C4004641C6 /* BracketTableViewCell.swift */,
				8257A3322459B3C4004641C6 /* BracketTableViewCell.xib */,
			);
			path = Cells;
			sourceTree = "<group>";
		};
		8257A32924586CFA004641C6 /* Startup */ = {
			isa = PBXGroup;
			children = (
				8257A32724586CF5004641C6 /* StartPageViewController.swift */,
				8257A32424586C1E004641C6 /* LoginViewController.swift */,
				8257A32224586C0F004641C6 /* SignUpViewController.swift */,
			);
			path = Startup;
			sourceTree = "<group>";
		};
		8257A3302459375D004641C6 /* Tournament */ = {
			isa = PBXGroup;
			children = (
				8257A32C24592C70004641C6 /* BracketSetupViewController.swift */,
				8257A33F245BC52D004641C6 /* JoinTournamentViewController.swift */,
				8257A32E24593505004641C6 /* BracketViewController.swift */,
				8298119C246269C4004DD06A /* BracketViewModel.swift */,
			);
			path = Tournament;
			sourceTree = "<group>";
		};
/* End PBXGroup section */

/* Begin PBXNativeTarget section */
		8257A2FE245760B8004641C6 /* Pong */ = {
			isa = PBXNativeTarget;
			buildConfigurationList = 8257A313245760BD004641C6 /* Build configuration list for PBXNativeTarget "Pong" */;
			buildPhases = (
				EFA18C5905F8AB6D244A7188 /* [CP] Check Pods Manifest.lock */,
				8257A2FB245760B8004641C6 /* Sources */,
				8257A2FC245760B8004641C6 /* Frameworks */,
				8257A2FD245760B8004641C6 /* Resources */,
				C3973E3451BAE74FE603967F /* [CP] Embed Pods Frameworks */,
			);
			buildRules = (
			);
			dependencies = (
			);
			name = Pong;
			productName = Pong;
			productReference = 8257A2FF245760B8004641C6 /* Pong.app */;
			productType = "com.apple.product-type.application";
		};
/* End PBXNativeTarget section */

/* Begin PBXProject section */
		8257A2F7245760B8004641C6 /* Project object */ = {
			isa = PBXProject;
			attributes = {
				LastSwiftUpdateCheck = 1130;
				LastUpgradeCheck = 1130;
				ORGANIZATIONNAME = "Jacob Lazda";
				TargetAttributes = {
					8257A2FE245760B8004641C6 = {
						CreatedOnToolsVersion = 11.3;
					};
				};
			};
			buildConfigurationList = 8257A2FA245760B8004641C6 /* Build configuration list for PBXProject "Pong" */;
			compatibilityVersion = "Xcode 9.3";
			developmentRegion = en;
			hasScannedForEncodings = 0;
			knownRegions = (
				en,
				Base,
			);
			mainGroup = 8257A2F6245760B8004641C6;
			productRefGroup = 8257A300245760B8004641C6 /* Products */;
			projectDirPath = "";
			projectRoot = "";
			targets = (
				8257A2FE245760B8004641C6 /* Pong */,
			);
		};
/* End PBXProject section */

/* Begin PBXResourcesBuildPhase section */
		8257A2FD245760B8004641C6 /* Resources */ = {
			isa = PBXResourcesBuildPhase;
			buildActionMask = 2147483647;
			files = (
				8257A30F245760BD004641C6 /* LaunchScreen.storyboard in Resources */,
				8257A33A245A5AE9004641C6 /* Font Awesome 5 Free-Regular-400.otf in Resources */,
				8257A31F24577540004641C6 /* LeaderboardsTableViewCell.xib in Resources */,
				8257A3342459B3C5004641C6 /* BracketTableViewCell.xib in Resources */,
				8257A32B2458791C004641C6 /* GoogleService-Info.plist in Resources */,
				8257A30C245760BD004641C6 /* Assets.xcassets in Resources */,
				8257A30A245760B8004641C6 /* Main.storyboard in Resources */,
				8257A339245A5AE9004641C6 /* Font Awesome 5 Free-Solid-900.otf in Resources */,
			);
			runOnlyForDeploymentPostprocessing = 0;
		};
/* End PBXResourcesBuildPhase section */

/* Begin PBXShellScriptBuildPhase section */
		C3973E3451BAE74FE603967F /* [CP] Embed Pods Frameworks */ = {
			isa = PBXShellScriptBuildPhase;
			buildActionMask = 2147483647;
			files = (
			);
			inputFileListPaths = (
				"${PODS_ROOT}/Target Support Files/Pods-Pong/Pods-Pong-frameworks-${CONFIGURATION}-input-files.xcfilelist",
			);
			name = "[CP] Embed Pods Frameworks";
			outputFileListPaths = (
				"${PODS_ROOT}/Target Support Files/Pods-Pong/Pods-Pong-frameworks-${CONFIGURATION}-output-files.xcfilelist",
			);
			runOnlyForDeploymentPostprocessing = 0;
			shellPath = /bin/sh;
			shellScript = "\"${PODS_ROOT}/Target Support Files/Pods-Pong/Pods-Pong-frameworks.sh\"\n";
			showEnvVarsInLog = 0;
		};
		EFA18C5905F8AB6D244A7188 /* [CP] Check Pods Manifest.lock */ = {
			isa = PBXShellScriptBuildPhase;
			buildActionMask = 2147483647;
			files = (
			);
			inputFileListPaths = (
			);
			inputPaths = (
				"${PODS_PODFILE_DIR_PATH}/Podfile.lock",
				"${PODS_ROOT}/Manifest.lock",
			);
			name = "[CP] Check Pods Manifest.lock";
			outputFileListPaths = (
			);
			outputPaths = (
				"$(DERIVED_FILE_DIR)/Pods-Pong-checkManifestLockResult.txt",
			);
			runOnlyForDeploymentPostprocessing = 0;
			shellPath = /bin/sh;
			shellScript = "diff \"${PODS_PODFILE_DIR_PATH}/Podfile.lock\" \"${PODS_ROOT}/Manifest.lock\" > /dev/null\nif [ $? != 0 ] ; then\n    # print error to STDERR\n    echo \"error: The sandbox is not in sync with the Podfile.lock. Run 'pod install' or update your CocoaPods installation.\" >&2\n    exit 1\nfi\n# This output is used by Xcode 'outputs' to avoid re-running this script phase.\necho \"SUCCESS\" > \"${SCRIPT_OUTPUT_FILE_0}\"\n";
			showEnvVarsInLog = 0;
		};
/* End PBXShellScriptBuildPhase section */

/* Begin PBXSourcesBuildPhase section */
		8257A2FB245760B8004641C6 /* Sources */ = {
			isa = PBXSourcesBuildPhase;
			buildActionMask = 2147483647;
			files = (
				8257A33C245B6815004641C6 /* Tournament.swift in Sources */,
				8257A33E245B68EB004641C6 /* Game.swift in Sources */,
				8257A303245760B8004641C6 /* AppDelegate.swift in Sources */,
				8257A32324586C0F004641C6 /* SignUpViewController.swift in Sources */,
				8227C8AF245F3D51005D3301 /* FirebaseService.swift in Sources */,
				8257A305245760B8004641C6 /* SceneDelegate.swift in Sources */,
				8257A31924576684004641C6 /* HomeViewController.swift in Sources */,
				8257A336245A4126004641C6 /* GameViewController.swift in Sources */,
				8257A32824586CF5004641C6 /* StartPageViewController.swift in Sources */,
				8298119D246269C4004DD06A /* BracketViewModel.swift in Sources */,
				8257A32F24593505004641C6 /* BracketViewController.swift in Sources */,
				8257A32524586C1E004641C6 /* LoginViewController.swift in Sources */,
				8257A31B24576B83004641C6 /* LeaderboardsTableViewController.swift in Sources */,
				8257A3332459B3C4004641C6 /* BracketTableViewCell.swift in Sources */,
				8257A321245779A3004641C6 /* Player.swift in Sources */,
				82065B192464F8EF00835449 /* GameViewModel.swift in Sources */,
				8257A340245BC52D004641C6 /* JoinTournamentViewController.swift in Sources */,
				8257A32D24592C70004641C6 /* BracketSetupViewController.swift in Sources */,
				8257A31E24577540004641C6 /* LeaderboardsTableViewCell.swift in Sources */,
				82065B1B24685F2A00835449 /* WinnerViewController.swift in Sources */,
			);
			runOnlyForDeploymentPostprocessing = 0;
		};
/* End PBXSourcesBuildPhase section */

/* Begin PBXVariantGroup section */
		8257A308245760B8004641C6 /* Main.storyboard */ = {
			isa = PBXVariantGroup;
			children = (
				8257A309245760B8004641C6 /* Base */,
			);
			name = Main.storyboard;
			sourceTree = "<group>";
		};
		8257A30D245760BD004641C6 /* LaunchScreen.storyboard */ = {
			isa = PBXVariantGroup;
			children = (
				8257A30E245760BD004641C6 /* Base */,
			);
			name = LaunchScreen.storyboard;
			sourceTree = "<group>";
		};
/* End PBXVariantGroup section */

/* Begin XCBuildConfiguration section */
		8257A311245760BD004641C6 /* Debug */ = {
			isa = XCBuildConfiguration;
			buildSettings = {
				ALWAYS_SEARCH_USER_PATHS = NO;
				CLANG_ANALYZER_NONNULL = YES;
				CLANG_ANALYZER_NUMBER_OBJECT_CONVERSION = YES_AGGRESSIVE;
				CLANG_CXX_LANGUAGE_STANDARD = "gnu++14";
				CLANG_CXX_LIBRARY = "libc++";
				CLANG_ENABLE_MODULES = YES;
				CLANG_ENABLE_OBJC_ARC = YES;
				CLANG_ENABLE_OBJC_WEAK = YES;
				CLANG_WARN_BLOCK_CAPTURE_AUTORELEASING = YES;
				CLANG_WARN_BOOL_CONVERSION = YES;
				CLANG_WARN_COMMA = YES;
				CLANG_WARN_CONSTANT_CONVERSION = YES;
				CLANG_WARN_DEPRECATED_OBJC_IMPLEMENTATIONS = YES;
				CLANG_WARN_DIRECT_OBJC_ISA_USAGE = YES_ERROR;
				CLANG_WARN_DOCUMENTATION_COMMENTS = YES;
				CLANG_WARN_EMPTY_BODY = YES;
				CLANG_WARN_ENUM_CONVERSION = YES;
				CLANG_WARN_INFINITE_RECURSION = YES;
				CLANG_WARN_INT_CONVERSION = YES;
				CLANG_WARN_NON_LITERAL_NULL_CONVERSION = YES;
				CLANG_WARN_OBJC_IMPLICIT_RETAIN_SELF = YES;
				CLANG_WARN_OBJC_LITERAL_CONVERSION = YES;
				CLANG_WARN_OBJC_ROOT_CLASS = YES_ERROR;
				CLANG_WARN_RANGE_LOOP_ANALYSIS = YES;
				CLANG_WARN_STRICT_PROTOTYPES = YES;
				CLANG_WARN_SUSPICIOUS_MOVE = YES;
				CLANG_WARN_UNGUARDED_AVAILABILITY = YES_AGGRESSIVE;
				CLANG_WARN_UNREACHABLE_CODE = YES;
				CLANG_WARN__DUPLICATE_METHOD_MATCH = YES;
				COPY_PHASE_STRIP = NO;
				DEBUG_INFORMATION_FORMAT = dwarf;
				ENABLE_STRICT_OBJC_MSGSEND = YES;
				ENABLE_TESTABILITY = YES;
				GCC_C_LANGUAGE_STANDARD = gnu11;
				GCC_DYNAMIC_NO_PIC = NO;
				GCC_NO_COMMON_BLOCKS = YES;
				GCC_OPTIMIZATION_LEVEL = 0;
				GCC_PREPROCESSOR_DEFINITIONS = (
					"DEBUG=1",
					"$(inherited)",
				);
				GCC_WARN_64_TO_32_BIT_CONVERSION = YES;
				GCC_WARN_ABOUT_RETURN_TYPE = YES_ERROR;
				GCC_WARN_UNDECLARED_SELECTOR = YES;
				GCC_WARN_UNINITIALIZED_AUTOS = YES_AGGRESSIVE;
				GCC_WARN_UNUSED_FUNCTION = YES;
				GCC_WARN_UNUSED_VARIABLE = YES;
				IPHONEOS_DEPLOYMENT_TARGET = 13.2;
				MTL_ENABLE_DEBUG_INFO = INCLUDE_SOURCE;
				MTL_FAST_MATH = YES;
				ONLY_ACTIVE_ARCH = YES;
				SDKROOT = iphoneos;
				SWIFT_ACTIVE_COMPILATION_CONDITIONS = DEBUG;
				SWIFT_OPTIMIZATION_LEVEL = "-Onone";
			};
			name = Debug;
		};
		8257A312245760BD004641C6 /* Release */ = {
			isa = XCBuildConfiguration;
			buildSettings = {
				ALWAYS_SEARCH_USER_PATHS = NO;
				CLANG_ANALYZER_NONNULL = YES;
				CLANG_ANALYZER_NUMBER_OBJECT_CONVERSION = YES_AGGRESSIVE;
				CLANG_CXX_LANGUAGE_STANDARD = "gnu++14";
				CLANG_CXX_LIBRARY = "libc++";
				CLANG_ENABLE_MODULES = YES;
				CLANG_ENABLE_OBJC_ARC = YES;
				CLANG_ENABLE_OBJC_WEAK = YES;
				CLANG_WARN_BLOCK_CAPTURE_AUTORELEASING = YES;
				CLANG_WARN_BOOL_CONVERSION = YES;
				CLANG_WARN_COMMA = YES;
				CLANG_WARN_CONSTANT_CONVERSION = YES;
				CLANG_WARN_DEPRECATED_OBJC_IMPLEMENTATIONS = YES;
				CLANG_WARN_DIRECT_OBJC_ISA_USAGE = YES_ERROR;
				CLANG_WARN_DOCUMENTATION_COMMENTS = YES;
				CLANG_WARN_EMPTY_BODY = YES;
				CLANG_WARN_ENUM_CONVERSION = YES;
				CLANG_WARN_INFINITE_RECURSION = YES;
				CLANG_WARN_INT_CONVERSION = YES;
				CLANG_WARN_NON_LITERAL_NULL_CONVERSION = YES;
				CLANG_WARN_OBJC_IMPLICIT_RETAIN_SELF = YES;
				CLANG_WARN_OBJC_LITERAL_CONVERSION = YES;
				CLANG_WARN_OBJC_ROOT_CLASS = YES_ERROR;
				CLANG_WARN_RANGE_LOOP_ANALYSIS = YES;
				CLANG_WARN_STRICT_PROTOTYPES = YES;
				CLANG_WARN_SUSPICIOUS_MOVE = YES;
				CLANG_WARN_UNGUARDED_AVAILABILITY = YES_AGGRESSIVE;
				CLANG_WARN_UNREACHABLE_CODE = YES;
				CLANG_WARN__DUPLICATE_METHOD_MATCH = YES;
				COPY_PHASE_STRIP = NO;
				DEBUG_INFORMATION_FORMAT = "dwarf-with-dsym";
				ENABLE_NS_ASSERTIONS = NO;
				ENABLE_STRICT_OBJC_MSGSEND = YES;
				GCC_C_LANGUAGE_STANDARD = gnu11;
				GCC_NO_COMMON_BLOCKS = YES;
				GCC_WARN_64_TO_32_BIT_CONVERSION = YES;
				GCC_WARN_ABOUT_RETURN_TYPE = YES_ERROR;
				GCC_WARN_UNDECLARED_SELECTOR = YES;
				GCC_WARN_UNINITIALIZED_AUTOS = YES_AGGRESSIVE;
				GCC_WARN_UNUSED_FUNCTION = YES;
				GCC_WARN_UNUSED_VARIABLE = YES;
				IPHONEOS_DEPLOYMENT_TARGET = 13.2;
				MTL_ENABLE_DEBUG_INFO = NO;
				MTL_FAST_MATH = YES;
				SDKROOT = iphoneos;
				SWIFT_COMPILATION_MODE = wholemodule;
				SWIFT_OPTIMIZATION_LEVEL = "-O";
				VALIDATE_PRODUCT = YES;
			};
			name = Release;
		};
		8257A314245760BD004641C6 /* Debug */ = {
			isa = XCBuildConfiguration;
			baseConfigurationReference = 62C0058FDF3A2387BB363235 /* Pods-Pong.debug.xcconfig */;
			buildSettings = {
				ASSETCATALOG_COMPILER_APPICON_NAME = AppIcon;
				CODE_SIGN_IDENTITY = "Apple Development";
				CODE_SIGN_STYLE = Automatic;
				DEVELOPMENT_TEAM = F567V66DT2;
				INFOPLIST_FILE = Pong/Info.plist;
				LD_RUNPATH_SEARCH_PATHS = (
					"$(inherited)",
					"@executable_path/Frameworks",
				);
				PRODUCT_BUNDLE_IDENTIFIER = com.jacoblazda.Pong;
				PRODUCT_NAME = "$(TARGET_NAME)";
				PROVISIONING_PROFILE_SPECIFIER = "";
				SWIFT_VERSION = 5.0;
				TARGETED_DEVICE_FAMILY = "1,2";
			};
			name = Debug;
		};
		8257A315245760BD004641C6 /* Release */ = {
			isa = XCBuildConfiguration;
			baseConfigurationReference = BC92315B8F19759DA181CD8B /* Pods-Pong.release.xcconfig */;
			buildSettings = {
				ASSETCATALOG_COMPILER_APPICON_NAME = AppIcon;
				CODE_SIGN_IDENTITY = "Apple Development";
				CODE_SIGN_STYLE = Automatic;
				DEVELOPMENT_TEAM = F567V66DT2;
				INFOPLIST_FILE = Pong/Info.plist;
				LD_RUNPATH_SEARCH_PATHS = (
					"$(inherited)",
					"@executable_path/Frameworks",
				);
				PRODUCT_BUNDLE_IDENTIFIER = com.jacoblazda.Pong;
				PRODUCT_NAME = "$(TARGET_NAME)";
				PROVISIONING_PROFILE_SPECIFIER = "";
				SWIFT_VERSION = 5.0;
				TARGETED_DEVICE_FAMILY = "1,2";
			};
			name = Release;
		};
/* End XCBuildConfiguration section */

/* Begin XCConfigurationList section */
		8257A2FA245760B8004641C6 /* Build configuration list for PBXProject "Pong" */ = {
			isa = XCConfigurationList;
			buildConfigurations = (
				8257A311245760BD004641C6 /* Debug */,
				8257A312245760BD004641C6 /* Release */,
			);
			defaultConfigurationIsVisible = 0;
			defaultConfigurationName = Release;
		};
		8257A313245760BD004641C6 /* Build configuration list for PBXNativeTarget "Pong" */ = {
			isa = XCConfigurationList;
			buildConfigurations = (
				8257A314245760BD004641C6 /* Debug */,
				8257A315245760BD004641C6 /* Release */,
			);
			defaultConfigurationIsVisible = 0;
			defaultConfigurationName = Release;
		};
/* End XCConfigurationList section */
	};
	rootObject = 8257A2F7245760B8004641C6 /* Project object */;
}
